// !$*UTF8*$!
{
	archiveVersion = 1;
	classes = {
	};
	objectVersion = 60;
	objects = {

/* Begin PBXBuildFile section */
		2F6CA0322BE4A6D600306C7C /* base64.hpp in Headers */ = {isa = PBXBuildFile; fileRef = 2F6C9FEE2BE4A6D500306C7C /* base64.hpp */; settings = {ATTRIBUTES = (Private, ); }; };
		2F6CA0332BE4A6D600306C7C /* build-info.cpp.in in Resources */ = {isa = PBXBuildFile; fileRef = 2F6C9FEF2BE4A6D500306C7C /* build-info.cpp.in */; };
		2F6CA0342BE4A6D600306C7C /* CMakeLists.txt in Resources */ = {isa = PBXBuildFile; fileRef = 2F6C9FF02BE4A6D500306C7C /* CMakeLists.txt */; };
		2F6CA0352BE4A6D600306C7C /* common.cpp in Sources */ = {isa = PBXBuildFile; fileRef = 2F6C9FF12BE4A6D500306C7C /* common.cpp */; };
		2F6CA0362BE4A6D600306C7C /* common.h in Headers */ = {isa = PBXBuildFile; fileRef = 2F6C9FF22BE4A6D500306C7C /* common.h */; settings = {ATTRIBUTES = (Public, ); }; };
		2F6CA0372BE4A6D600306C7C /* console.cpp in Sources */ = {isa = PBXBuildFile; fileRef = 2F6C9FF32BE4A6D500306C7C /* console.cpp */; };
		2F6CA0382BE4A6D600306C7C /* console.h in Headers */ = {isa = PBXBuildFile; fileRef = 2F6C9FF42BE4A6D500306C7C /* console.h */; settings = {ATTRIBUTES = (Private, ); }; };
		2F6CA0392BE4A6D600306C7C /* grammar-parser.cpp in Sources */ = {isa = PBXBuildFile; fileRef = 2F6C9FF52BE4A6D500306C7C /* grammar-parser.cpp */; };
		2F6CA03A2BE4A6D600306C7C /* grammar-parser.h in Headers */ = {isa = PBXBuildFile; fileRef = 2F6C9FF62BE4A6D500306C7C /* grammar-parser.h */; settings = {ATTRIBUTES = (Public, ); }; };
		2F6CA03B2BE4A6D600306C7C /* json-schema-to-grammar.cpp in Sources */ = {isa = PBXBuildFile; fileRef = 2F6C9FF72BE4A6D500306C7C /* json-schema-to-grammar.cpp */; };
		2F6CA03C2BE4A6D600306C7C /* json-schema-to-grammar.h in Headers */ = {isa = PBXBuildFile; fileRef = 2F6C9FF82BE4A6D500306C7C /* json-schema-to-grammar.h */; settings = {ATTRIBUTES = (Private, ); }; };
		2F6CA03D2BE4A6D600306C7C /* json.hpp in Headers */ = {isa = PBXBuildFile; fileRef = 2F6C9FF92BE4A6D500306C7C /* json.hpp */; settings = {ATTRIBUTES = (Private, ); }; };
		2F6CA03E2BE4A6D600306C7C /* log.h in Headers */ = {isa = PBXBuildFile; fileRef = 2F6C9FFA2BE4A6D500306C7C /* log.h */; settings = {ATTRIBUTES = (Public, ); }; };
		2F6CA03F2BE4A6D600306C7C /* ngram-cache.cpp in Sources */ = {isa = PBXBuildFile; fileRef = 2F6C9FFB2BE4A6D500306C7C /* ngram-cache.cpp */; };
		2F6CA0402BE4A6D600306C7C /* ngram-cache.h in Headers */ = {isa = PBXBuildFile; fileRef = 2F6C9FFC2BE4A6D500306C7C /* ngram-cache.h */; settings = {ATTRIBUTES = (Private, ); }; };
		2F6CA0412BE4A6D600306C7C /* sampling.cpp in Sources */ = {isa = PBXBuildFile; fileRef = 2F6C9FFD2BE4A6D500306C7C /* sampling.cpp */; };
		2F6CA0422BE4A6D600306C7C /* sampling.h in Headers */ = {isa = PBXBuildFile; fileRef = 2F6C9FFE2BE4A6D500306C7C /* sampling.h */; settings = {ATTRIBUTES = (Public, ); }; };
		2F6CA0432BE4A6D600306C7C /* stb_image.h in Headers */ = {isa = PBXBuildFile; fileRef = 2F6C9FFF2BE4A6D500306C7C /* stb_image.h */; settings = {ATTRIBUTES = (Private, ); }; };
		2F6CA0442BE4A6D600306C7C /* train.cpp in Sources */ = {isa = PBXBuildFile; fileRef = 2F6CA0002BE4A6D500306C7C /* train.cpp */; };
		2F6CA0452BE4A6D600306C7C /* train.h in Headers */ = {isa = PBXBuildFile; fileRef = 2F6CA0012BE4A6D500306C7C /* train.h */; settings = {ATTRIBUTES = (Private, ); }; };
		2F6CA0462BE4A6D600306C7C /* ggml-backend-impl.h in Headers */ = {isa = PBXBuildFile; fileRef = 2F6CA0032BE4A6D500306C7C /* ggml-backend-impl.h */; settings = {ATTRIBUTES = (Private, ); }; };
		2F6CA0482BE4A6D600306C7C /* ggml-quants.c in Sources */ = {isa = PBXBuildFile; fileRef = 2F6CA0052BE4A6D500306C7C /* ggml-quants.c */; };
		2F6CA0492BE4A6D600306C7C /* ggml-metal.m in Sources */ = {isa = PBXBuildFile; fileRef = 2F6CA0062BE4A6D500306C7C /* ggml-metal.m */; };
		2F6CA04A2BE4A6D600306C7C /* ggml-alloc.h in Headers */ = {isa = PBXBuildFile; fileRef = 2F6CA0072BE4A6D500306C7C /* ggml-alloc.h */; settings = {ATTRIBUTES = (Public, ); }; };
		2F6CA04B2BE4A6D600306C7C /* ggml-metal.metal in Sources */ = {isa = PBXBuildFile; fileRef = 2F6CA0082BE4A6D600306C7C /* ggml-metal.metal */; };
		2F6CA04C2BE4A6D600306C7C /* ggml-backend.c in Sources */ = {isa = PBXBuildFile; fileRef = 2F6CA0092BE4A6D600306C7C /* ggml-backend.c */; };
		2F6CA04D2BE4A6D600306C7C /* ggml-quants.h in Headers */ = {isa = PBXBuildFile; fileRef = 2F6CA00A2BE4A6D600306C7C /* ggml-quants.h */; settings = {ATTRIBUTES = (Private, ); }; };
		2F6CA04E2BE4A6D600306C7C /* llama.cpp in Sources */ = {isa = PBXBuildFile; fileRef = 2F6CA00B2BE4A6D600306C7C /* llama.cpp */; };
		2F6CA04F2BE4A6D600306C7C /* ggml-backend.h in Headers */ = {isa = PBXBuildFile; fileRef = 2F6CA00C2BE4A6D600306C7C /* ggml-backend.h */; settings = {ATTRIBUTES = (Public, ); }; };
		2F6CA0512BE4A6D600306C7C /* ggml-common.h in Headers */ = {isa = PBXBuildFile; fileRef = 2F6CA00E2BE4A6D600306C7C /* ggml-common.h */; settings = {ATTRIBUTES = (Private, ); }; };
		2F6CA0522BE4A6D600306C7C /* sgemm.cpp in Sources */ = {isa = PBXBuildFile; fileRef = 2F6CA0102BE4A6D600306C7C /* sgemm.cpp */; };
		2F6CA0572BE4A6D600306C7C /* ggml-impl.h in Headers */ = {isa = PBXBuildFile; fileRef = 2F6CA0162BE4A6D600306C7C /* ggml-impl.h */; settings = {ATTRIBUTES = (Private, ); }; };
		2F6CA0582BE4A6D600306C7C /* ggml-alloc.c in Sources */ = {isa = PBXBuildFile; fileRef = 2F6CA0172BE4A6D600306C7C /* ggml-alloc.c */; };
		2F6CA05E2BE4A6D600306C7C /* llama.h in Headers */ = {isa = PBXBuildFile; fileRef = 2F6CA01D2BE4A6D600306C7C /* llama.h */; settings = {ATTRIBUTES = (Public, ); }; };
		2F6CA0622BE4A6D600306C7C /* ggml.h in Headers */ = {isa = PBXBuildFile; fileRef = 2F6CA0212BE4A6D600306C7C /* ggml.h */; settings = {ATTRIBUTES = (Public, ); }; };
		2F6CA0632BE4A6D600306C7C /* unicode-data.cpp in Sources */ = {isa = PBXBuildFile; fileRef = 2F6CA0222BE4A6D600306C7C /* unicode-data.cpp */; };
		2F6CA0642BE4A6D600306C7C /* unicode.cpp in Sources */ = {isa = PBXBuildFile; fileRef = 2F6CA0232BE4A6D600306C7C /* unicode.cpp */; };
		2F6CA0652BE4A6D600306C7C /* ggml-metal.h in Headers */ = {isa = PBXBuildFile; fileRef = 2F6CA0242BE4A6D600306C7C /* ggml-metal.h */; settings = {ATTRIBUTES = (Private, ); }; };
		2F6CA0662BE4A6D600306C7C /* unicode-data.h in Headers */ = {isa = PBXBuildFile; fileRef = 2F6CA0252BE4A6D600306C7C /* unicode-data.h */; settings = {ATTRIBUTES = (Private, ); }; };
		2F6CA0672BE4A6D600306C7C /* ggml.c in Sources */ = {isa = PBXBuildFile; fileRef = 2F6CA0262BE4A6D600306C7C /* ggml.c */; };
		2F6CA0682BE4A6D600306C7C /* sgemm.h in Headers */ = {isa = PBXBuildFile; fileRef = 2F6CA0272BE4A6D600306C7C /* sgemm.h */; settings = {ATTRIBUTES = (Private, ); }; };
		2F6CA06A2BE4A6D600306C7C /* tokenize.h in Headers */ = {isa = PBXBuildFile; fileRef = 2F6CA0292BE4A6D600306C7C /* tokenize.h */; settings = {ATTRIBUTES = (Public, ); }; };
		2F6CA06B2BE4A6D600306C7C /* vector.h in Headers */ = {isa = PBXBuildFile; fileRef = 2F6CA02A2BE4A6D600306C7C /* vector.h */; settings = {ATTRIBUTES = (Public, ); }; };
		2F6CA06C2BE4A6D600306C7C /* tokenize.cpp in Sources */ = {isa = PBXBuildFile; fileRef = 2F6CA02C2BE4A6D600306C7C /* tokenize.cpp */; };
		2F6CA06D2BE4A6D600306C7C /* vector.cpp in Sources */ = {isa = PBXBuildFile; fileRef = 2F6CA02D2BE4A6D600306C7C /* vector.cpp */; };
		2F6CA06F2BE4A6D600306C7C /* unicode.h in Headers */ = {isa = PBXBuildFile; fileRef = 2F6CA0302BE4A6D600306C7C /* unicode.h */; settings = {ATTRIBUTES = (Private, ); }; };
		972079C42AFAACEF008A9E53 /* Accelerate.framework in Frameworks */ = {isa = PBXBuildFile; fileRef = 972079C32AFAACEF008A9E53 /* Accelerate.framework */; };
/* End PBXBuildFile section */

/* Begin PBXFileReference section */
		2F6C9FEE2BE4A6D500306C7C /* base64.hpp */ = {isa = PBXFileReference; fileEncoding = 4; lastKnownFileType = sourcecode.cpp.h; path = base64.hpp; sourceTree = "<group>"; };
		2F6C9FEF2BE4A6D500306C7C /* build-info.cpp.in */ = {isa = PBXFileReference; fileEncoding = 4; lastKnownFileType = text; path = "build-info.cpp.in"; sourceTree = "<group>"; };
		2F6C9FF02BE4A6D500306C7C /* CMakeLists.txt */ = {isa = PBXFileReference; fileEncoding = 4; lastKnownFileType = text; path = CMakeLists.txt; sourceTree = "<group>"; };
		2F6C9FF12BE4A6D500306C7C /* common.cpp */ = {isa = PBXFileReference; fileEncoding = 4; lastKnownFileType = sourcecode.cpp.cpp; path = common.cpp; sourceTree = "<group>"; };
		2F6C9FF22BE4A6D500306C7C /* common.h */ = {isa = PBXFileReference; fileEncoding = 4; lastKnownFileType = sourcecode.c.h; path = common.h; sourceTree = "<group>"; };
		2F6C9FF32BE4A6D500306C7C /* console.cpp */ = {isa = PBXFileReference; fileEncoding = 4; lastKnownFileType = sourcecode.cpp.cpp; path = console.cpp; sourceTree = "<group>"; };
		2F6C9FF42BE4A6D500306C7C /* console.h */ = {isa = PBXFileReference; fileEncoding = 4; lastKnownFileType = sourcecode.c.h; path = console.h; sourceTree = "<group>"; };
		2F6C9FF52BE4A6D500306C7C /* grammar-parser.cpp */ = {isa = PBXFileReference; fileEncoding = 4; lastKnownFileType = sourcecode.cpp.cpp; path = "grammar-parser.cpp"; sourceTree = "<group>"; };
		2F6C9FF62BE4A6D500306C7C /* grammar-parser.h */ = {isa = PBXFileReference; fileEncoding = 4; lastKnownFileType = sourcecode.c.h; path = "grammar-parser.h"; sourceTree = "<group>"; };
		2F6C9FF72BE4A6D500306C7C /* json-schema-to-grammar.cpp */ = {isa = PBXFileReference; fileEncoding = 4; lastKnownFileType = sourcecode.cpp.cpp; path = "json-schema-to-grammar.cpp"; sourceTree = "<group>"; };
		2F6C9FF82BE4A6D500306C7C /* json-schema-to-grammar.h */ = {isa = PBXFileReference; fileEncoding = 4; lastKnownFileType = sourcecode.c.h; path = "json-schema-to-grammar.h"; sourceTree = "<group>"; };
		2F6C9FF92BE4A6D500306C7C /* json.hpp */ = {isa = PBXFileReference; fileEncoding = 4; lastKnownFileType = sourcecode.cpp.h; path = json.hpp; sourceTree = "<group>"; };
		2F6C9FFA2BE4A6D500306C7C /* log.h */ = {isa = PBXFileReference; fileEncoding = 4; lastKnownFileType = sourcecode.c.h; path = log.h; sourceTree = "<group>"; };
		2F6C9FFB2BE4A6D500306C7C /* ngram-cache.cpp */ = {isa = PBXFileReference; fileEncoding = 4; lastKnownFileType = sourcecode.cpp.cpp; path = "ngram-cache.cpp"; sourceTree = "<group>"; };
		2F6C9FFC2BE4A6D500306C7C /* ngram-cache.h */ = {isa = PBXFileReference; fileEncoding = 4; lastKnownFileType = sourcecode.c.h; path = "ngram-cache.h"; sourceTree = "<group>"; };
		2F6C9FFD2BE4A6D500306C7C /* sampling.cpp */ = {isa = PBXFileReference; fileEncoding = 4; lastKnownFileType = sourcecode.cpp.cpp; path = sampling.cpp; sourceTree = "<group>"; };
		2F6C9FFE2BE4A6D500306C7C /* sampling.h */ = {isa = PBXFileReference; fileEncoding = 4; lastKnownFileType = sourcecode.c.h; path = sampling.h; sourceTree = "<group>"; };
		2F6C9FFF2BE4A6D500306C7C /* stb_image.h */ = {isa = PBXFileReference; fileEncoding = 4; lastKnownFileType = sourcecode.c.h; path = stb_image.h; sourceTree = "<group>"; };
		2F6CA0002BE4A6D500306C7C /* train.cpp */ = {isa = PBXFileReference; fileEncoding = 4; lastKnownFileType = sourcecode.cpp.cpp; path = train.cpp; sourceTree = "<group>"; };
		2F6CA0012BE4A6D500306C7C /* train.h */ = {isa = PBXFileReference; fileEncoding = 4; lastKnownFileType = sourcecode.c.h; path = train.h; sourceTree = "<group>"; };
		2F6CA0032BE4A6D500306C7C /* ggml-backend-impl.h */ = {isa = PBXFileReference; fileEncoding = 4; lastKnownFileType = sourcecode.c.h; path = "ggml-backend-impl.h"; sourceTree = "<group>"; };
		2F6CA0052BE4A6D500306C7C /* ggml-quants.c */ = {isa = PBXFileReference; fileEncoding = 4; lastKnownFileType = sourcecode.c.c; path = "ggml-quants.c"; sourceTree = "<group>"; };
		2F6CA0062BE4A6D500306C7C /* ggml-metal.m */ = {isa = PBXFileReference; fileEncoding = 4; lastKnownFileType = sourcecode.c.objc; path = "ggml-metal.m"; sourceTree = "<group>"; };
		2F6CA0072BE4A6D500306C7C /* ggml-alloc.h */ = {isa = PBXFileReference; fileEncoding = 4; lastKnownFileType = sourcecode.c.h; path = "ggml-alloc.h"; sourceTree = "<group>"; };
		2F6CA0082BE4A6D600306C7C /* ggml-metal.metal */ = {isa = PBXFileReference; fileEncoding = 4; lastKnownFileType = sourcecode.metal; path = "ggml-metal.metal"; sourceTree = "<group>"; };
		2F6CA0092BE4A6D600306C7C /* ggml-backend.c */ = {isa = PBXFileReference; fileEncoding = 4; lastKnownFileType = sourcecode.c.c; path = "ggml-backend.c"; sourceTree = "<group>"; };
		2F6CA00A2BE4A6D600306C7C /* ggml-quants.h */ = {isa = PBXFileReference; fileEncoding = 4; lastKnownFileType = sourcecode.c.h; path = "ggml-quants.h"; sourceTree = "<group>"; };
		2F6CA00B2BE4A6D600306C7C /* llama.cpp */ = {isa = PBXFileReference; fileEncoding = 4; lastKnownFileType = sourcecode.cpp.cpp; path = llama.cpp; sourceTree = "<group>"; };
		2F6CA00C2BE4A6D600306C7C /* ggml-backend.h */ = {isa = PBXFileReference; fileEncoding = 4; lastKnownFileType = sourcecode.c.h; path = "ggml-backend.h"; sourceTree = "<group>"; };
		2F6CA00E2BE4A6D600306C7C /* ggml-common.h */ = {isa = PBXFileReference; fileEncoding = 4; lastKnownFileType = sourcecode.c.h; path = "ggml-common.h"; sourceTree = "<group>"; };
		2F6CA00F2BE4A6D600306C7C /* llama-module.modulemap */ = {isa = PBXFileReference; fileEncoding = 4; lastKnownFileType = "sourcecode.module-map"; path = "llama-module.modulemap"; sourceTree = "<group>"; };
		2F6CA0102BE4A6D600306C7C /* sgemm.cpp */ = {isa = PBXFileReference; fileEncoding = 4; lastKnownFileType = sourcecode.cpp.cpp; path = sgemm.cpp; sourceTree = "<group>"; };
		2F6CA0162BE4A6D600306C7C /* ggml-impl.h */ = {isa = PBXFileReference; fileEncoding = 4; lastKnownFileType = sourcecode.c.h; path = "ggml-impl.h"; sourceTree = "<group>"; };
		2F6CA0172BE4A6D600306C7C /* ggml-alloc.c */ = {isa = PBXFileReference; fileEncoding = 4; lastKnownFileType = sourcecode.c.c; path = "ggml-alloc.c"; sourceTree = "<group>"; };
		2F6CA01D2BE4A6D600306C7C /* llama.h */ = {isa = PBXFileReference; fileEncoding = 4; lastKnownFileType = sourcecode.c.h; path = llama.h; sourceTree = "<group>"; };
		2F6CA0212BE4A6D600306C7C /* ggml.h */ = {isa = PBXFileReference; fileEncoding = 4; lastKnownFileType = sourcecode.c.h; path = ggml.h; sourceTree = "<group>"; };
		2F6CA0222BE4A6D600306C7C /* unicode-data.cpp */ = {isa = PBXFileReference; fileEncoding = 4; lastKnownFileType = sourcecode.cpp.cpp; path = "unicode-data.cpp"; sourceTree = "<group>"; };
		2F6CA0232BE4A6D600306C7C /* unicode.cpp */ = {isa = PBXFileReference; fileEncoding = 4; lastKnownFileType = sourcecode.cpp.cpp; path = unicode.cpp; sourceTree = "<group>"; };
		2F6CA0242BE4A6D600306C7C /* ggml-metal.h */ = {isa = PBXFileReference; fileEncoding = 4; lastKnownFileType = sourcecode.c.h; path = "ggml-metal.h"; sourceTree = "<group>"; };
		2F6CA0252BE4A6D600306C7C /* unicode-data.h */ = {isa = PBXFileReference; fileEncoding = 4; lastKnownFileType = sourcecode.c.h; path = "unicode-data.h"; sourceTree = "<group>"; };
		2F6CA0262BE4A6D600306C7C /* ggml.c */ = {isa = PBXFileReference; fileEncoding = 4; lastKnownFileType = sourcecode.c.c; path = ggml.c; sourceTree = "<group>"; };
		2F6CA0272BE4A6D600306C7C /* sgemm.h */ = {isa = PBXFileReference; fileEncoding = 4; lastKnownFileType = sourcecode.c.h; path = sgemm.h; sourceTree = "<group>"; };
		2F6CA0292BE4A6D600306C7C /* tokenize.h */ = {isa = PBXFileReference; fileEncoding = 4; lastKnownFileType = sourcecode.c.h; path = tokenize.h; sourceTree = "<group>"; };
		2F6CA02A2BE4A6D600306C7C /* vector.h */ = {isa = PBXFileReference; fileEncoding = 4; lastKnownFileType = sourcecode.c.h; path = vector.h; sourceTree = "<group>"; };
		2F6CA02C2BE4A6D600306C7C /* tokenize.cpp */ = {isa = PBXFileReference; fileEncoding = 4; lastKnownFileType = sourcecode.cpp.cpp; path = tokenize.cpp; sourceTree = "<group>"; };
		2F6CA02D2BE4A6D600306C7C /* vector.cpp */ = {isa = PBXFileReference; fileEncoding = 4; lastKnownFileType = sourcecode.cpp.cpp; path = vector.cpp; sourceTree = "<group>"; };
		2F6CA0302BE4A6D600306C7C /* unicode.h */ = {isa = PBXFileReference; fileEncoding = 4; lastKnownFileType = sourcecode.c.h; path = unicode.h; sourceTree = "<group>"; };
		972079A62AFAA818008A9E53 /* llama.framework */ = {isa = PBXFileReference; explicitFileType = wrapper.framework; includeInIndex = 0; path = llama.framework; sourceTree = BUILT_PRODUCTS_DIR; };
		972079C32AFAACEF008A9E53 /* Accelerate.framework */ = {isa = PBXFileReference; lastKnownFileType = wrapper.framework; name = Accelerate.framework; path = Platforms/MacOSX.platform/Developer/SDKs/MacOSX14.0.sdk/System/Library/Frameworks/Accelerate.framework; sourceTree = DEVELOPER_DIR; };
/* End PBXFileReference section */

/* Begin PBXFrameworksBuildPhase section */
		972079A32AFAA818008A9E53 /* Frameworks */ = {
			isa = PBXFrameworksBuildPhase;
			buildActionMask = 2147483647;
			files = (
				972079C42AFAACEF008A9E53 /* Accelerate.framework in Frameworks */,
			);
			runOnlyForDeploymentPostprocessing = 0;
		};
/* End PBXFrameworksBuildPhase section */

/* Begin PBXGroup section */
		2F6CA0022BE4A6D500306C7C /* common */ = {
			isa = PBXGroup;
			children = (
				2F6C9FEE2BE4A6D500306C7C /* base64.hpp */,
				2F6C9FEF2BE4A6D500306C7C /* build-info.cpp.in */,
				2F6C9FF02BE4A6D500306C7C /* CMakeLists.txt */,
				2F6C9FF12BE4A6D500306C7C /* common.cpp */,
				2F6C9FF22BE4A6D500306C7C /* common.h */,
				2F6C9FF32BE4A6D500306C7C /* console.cpp */,
				2F6C9FF42BE4A6D500306C7C /* console.h */,
				2F6C9FF52BE4A6D500306C7C /* grammar-parser.cpp */,
				2F6C9FF62BE4A6D500306C7C /* grammar-parser.h */,
				2F6C9FF72BE4A6D500306C7C /* json-schema-to-grammar.cpp */,
				2F6C9FF82BE4A6D500306C7C /* json-schema-to-grammar.h */,
				2F6C9FF92BE4A6D500306C7C /* json.hpp */,
				2F6C9FFA2BE4A6D500306C7C /* log.h */,
				2F6C9FFB2BE4A6D500306C7C /* ngram-cache.cpp */,
				2F6C9FFC2BE4A6D500306C7C /* ngram-cache.h */,
				2F6C9FFD2BE4A6D500306C7C /* sampling.cpp */,
				2F6C9FFE2BE4A6D500306C7C /* sampling.h */,
				2F6C9FFF2BE4A6D500306C7C /* stb_image.h */,
				2F6CA0002BE4A6D500306C7C /* train.cpp */,
				2F6CA0012BE4A6D500306C7C /* train.h */,
			);
			path = common;
			sourceTree = "<group>";
		};
		2F6CA02B2BE4A6D600306C7C /* include */ = {
			isa = PBXGroup;
			children = (
				2F6CA0292BE4A6D600306C7C /* tokenize.h */,
				2F6CA02A2BE4A6D600306C7C /* vector.h */,
			);
			path = include;
			sourceTree = "<group>";
		};
		2F6CA02E2BE4A6D600306C7C /* swift */ = {
			isa = PBXGroup;
			children = (
				2F6CA02B2BE4A6D600306C7C /* include */,
				2F6CA02C2BE4A6D600306C7C /* tokenize.cpp */,
				2F6CA02D2BE4A6D600306C7C /* vector.cpp */,
			);
			path = swift;
			sourceTree = "<group>";
		};
		9720799C2AFAA818008A9E53 = {
			isa = PBXGroup;
			children = (
				2F6CA0022BE4A6D500306C7C /* common */,
				2F6CA0172BE4A6D600306C7C /* ggml-alloc.c */,
				2F6CA0072BE4A6D500306C7C /* ggml-alloc.h */,
				2F6CA0032BE4A6D500306C7C /* ggml-backend-impl.h */,
				2F6CA0092BE4A6D600306C7C /* ggml-backend.c */,
				2F6CA00C2BE4A6D600306C7C /* ggml-backend.h */,
				2F6CA00E2BE4A6D600306C7C /* ggml-common.h */,
				2F6CA0162BE4A6D600306C7C /* ggml-impl.h */,
				2F6CA0242BE4A6D600306C7C /* ggml-metal.h */,
				2F6CA0062BE4A6D500306C7C /* ggml-metal.m */,
				2F6CA0082BE4A6D600306C7C /* ggml-metal.metal */,
				2F6CA0052BE4A6D500306C7C /* ggml-quants.c */,
				2F6CA00A2BE4A6D600306C7C /* ggml-quants.h */,
				2F6CA0262BE4A6D600306C7C /* ggml.c */,
				2F6CA0212BE4A6D600306C7C /* ggml.h */,
				2F6CA00F2BE4A6D600306C7C /* llama-module.modulemap */,
				2F6CA00B2BE4A6D600306C7C /* llama.cpp */,
				2F6CA01D2BE4A6D600306C7C /* llama.h */,
				2F6CA0102BE4A6D600306C7C /* sgemm.cpp */,
				2F6CA0272BE4A6D600306C7C /* sgemm.h */,
				2F6CA02E2BE4A6D600306C7C /* swift */,
				2F6CA0222BE4A6D600306C7C /* unicode-data.cpp */,
				2F6CA0252BE4A6D600306C7C /* unicode-data.h */,
				2F6CA0232BE4A6D600306C7C /* unicode.cpp */,
				2F6CA0302BE4A6D600306C7C /* unicode.h */,
				972079A72AFAA818008A9E53 /* Products */,
				972079C22AFAACEF008A9E53 /* Frameworks */,
			);
			sourceTree = "<group>";
		};
		972079A72AFAA818008A9E53 /* Products */ = {
			isa = PBXGroup;
			children = (
				972079A62AFAA818008A9E53 /* llama.framework */,
			);
			name = Products;
			sourceTree = "<group>";
		};
		972079C22AFAACEF008A9E53 /* Frameworks */ = {
			isa = PBXGroup;
			children = (
				972079C32AFAACEF008A9E53 /* Accelerate.framework */,
			);
			name = Frameworks;
			sourceTree = "<group>";
		};
/* End PBXGroup section */

/* Begin PBXHeadersBuildPhase section */
		972079A12AFAA818008A9E53 /* Headers */ = {
			isa = PBXHeadersBuildPhase;
			buildActionMask = 2147483647;
			files = (
				2F6CA06B2BE4A6D600306C7C /* vector.h in Headers */,
				2F6CA0422BE4A6D600306C7C /* sampling.h in Headers */,
				2F6CA04A2BE4A6D600306C7C /* ggml-alloc.h in Headers */,
				2F6CA06A2BE4A6D600306C7C /* tokenize.h in Headers */,
				2F6CA03E2BE4A6D600306C7C /* log.h in Headers */,
				2F6CA0622BE4A6D600306C7C /* ggml.h in Headers */,
				2F6CA05E2BE4A6D600306C7C /* llama.h in Headers */,
				2F6CA0362BE4A6D600306C7C /* common.h in Headers */,
				2F6CA03A2BE4A6D600306C7C /* grammar-parser.h in Headers */,
				2F6CA04F2BE4A6D600306C7C /* ggml-backend.h in Headers */,
				2F6CA0322BE4A6D600306C7C /* base64.hpp in Headers */,
				2F6CA0382BE4A6D600306C7C /* console.h in Headers */,
				2F6CA0462BE4A6D600306C7C /* ggml-backend-impl.h in Headers */,
				2F6CA0512BE4A6D600306C7C /* ggml-common.h in Headers */,
				2F6CA0572BE4A6D600306C7C /* ggml-impl.h in Headers */,
				2F6CA03C2BE4A6D600306C7C /* json-schema-to-grammar.h in Headers */,
				2F6CA0652BE4A6D600306C7C /* ggml-metal.h in Headers */,
				2F6CA04D2BE4A6D600306C7C /* ggml-quants.h in Headers */,
				2F6CA03D2BE4A6D600306C7C /* json.hpp in Headers */,
				2F6CA0402BE4A6D600306C7C /* ngram-cache.h in Headers */,
				2F6CA0682BE4A6D600306C7C /* sgemm.h in Headers */,
				2F6CA0452BE4A6D600306C7C /* train.h in Headers */,
				2F6CA0662BE4A6D600306C7C /* unicode-data.h in Headers */,
				2F6CA06F2BE4A6D600306C7C /* unicode.h in Headers */,
				2F6CA0432BE4A6D600306C7C /* stb_image.h in Headers */,
			);
			runOnlyForDeploymentPostprocessing = 0;
		};
/* End PBXHeadersBuildPhase section */

/* Begin PBXNativeTarget section */
		972079A52AFAA818008A9E53 /* llama */ = {
			isa = PBXNativeTarget;
			buildConfigurationList = 972079AD2AFAA818008A9E53 /* Build configuration list for PBXNativeTarget "llama" */;
			buildPhases = (
				972079A12AFAA818008A9E53 /* Headers */,
				972079A22AFAA818008A9E53 /* Sources */,
				972079A32AFAA818008A9E53 /* Frameworks */,
				972079A42AFAA818008A9E53 /* Resources */,
			);
			buildRules = (
			);
			dependencies = (
			);
			name = llama;
			productName = llama;
			productReference = 972079A62AFAA818008A9E53 /* llama.framework */;
			productType = "com.apple.product-type.framework";
		};
/* End PBXNativeTarget section */

/* Begin PBXProject section */
		9720799D2AFAA818008A9E53 /* Project object */ = {
			isa = PBXProject;
			attributes = {
				BuildIndependentTargetsInParallel = 1;
				LastUpgradeCheck = 1520;
				TargetAttributes = {
					972079A52AFAA818008A9E53 = {
						CreatedOnToolsVersion = 15.0;
					};
				};
			};
			buildConfigurationList = 972079A02AFAA818008A9E53 /* Build configuration list for PBXProject "llama" */;
			compatibilityVersion = "Xcode 15.0";
			developmentRegion = en;
			hasScannedForEncodings = 0;
			knownRegions = (
				en,
				Base,
			);
			mainGroup = 9720799C2AFAA818008A9E53;
			productRefGroup = 972079A72AFAA818008A9E53 /* Products */;
			projectDirPath = "";
			projectRoot = "";
			targets = (
				972079A52AFAA818008A9E53 /* llama */,
			);
		};
/* End PBXProject section */

/* Begin PBXResourcesBuildPhase section */
		972079A42AFAA818008A9E53 /* Resources */ = {
			isa = PBXResourcesBuildPhase;
			buildActionMask = 2147483647;
			files = (
				2F6CA0342BE4A6D600306C7C /* CMakeLists.txt in Resources */,
				2F6CA0332BE4A6D600306C7C /* build-info.cpp.in in Resources */,
			);
			runOnlyForDeploymentPostprocessing = 0;
		};
/* End PBXResourcesBuildPhase section */

/* Begin PBXSourcesBuildPhase section */
		972079A22AFAA818008A9E53 /* Sources */ = {
			isa = PBXSourcesBuildPhase;
			buildActionMask = 2147483647;
			files = (
				2F6CA0482BE4A6D600306C7C /* ggml-quants.c in Sources */,
				2F6CA0642BE4A6D600306C7C /* unicode.cpp in Sources */,
				2F6CA0352BE4A6D600306C7C /* common.cpp in Sources */,
				2F6CA0442BE4A6D600306C7C /* train.cpp in Sources */,
				2F6CA0522BE4A6D600306C7C /* sgemm.cpp in Sources */,
				2F6CA04B2BE4A6D600306C7C /* ggml-metal.metal in Sources */,
				2F6CA0632BE4A6D600306C7C /* unicode-data.cpp in Sources */,
				2F6CA0492BE4A6D600306C7C /* ggml-metal.m in Sources */,
				2F6CA0372BE4A6D600306C7C /* console.cpp in Sources */,
				2F6CA04C2BE4A6D600306C7C /* ggml-backend.c in Sources */,
				2F6CA04E2BE4A6D600306C7C /* llama.cpp in Sources */,
				2F6CA06D2BE4A6D600306C7C /* vector.cpp in Sources */,
				2F6CA0672BE4A6D600306C7C /* ggml.c in Sources */,
				2F6CA0412BE4A6D600306C7C /* sampling.cpp in Sources */,
				2F6CA06C2BE4A6D600306C7C /* tokenize.cpp in Sources */,
				2F6CA0582BE4A6D600306C7C /* ggml-alloc.c in Sources */,
				2F6CA0392BE4A6D600306C7C /* grammar-parser.cpp in Sources */,
				2F6CA03B2BE4A6D600306C7C /* json-schema-to-grammar.cpp in Sources */,
				2F6CA03F2BE4A6D600306C7C /* ngram-cache.cpp in Sources */,
			);
			runOnlyForDeploymentPostprocessing = 0;
		};
/* End PBXSourcesBuildPhase section */

/* Begin XCBuildConfiguration section */
		972079AB2AFAA818008A9E53 /* Debug */ = {
			isa = XCBuildConfiguration;
			buildSettings = {
				ALLOW_TARGET_PLATFORM_SPECIALIZATION = YES;
				ALWAYS_SEARCH_USER_PATHS = NO;
				ASSETCATALOG_COMPILER_GENERATE_SWIFT_ASSET_SYMBOL_EXTENSIONS = YES;
				CLANG_ANALYZER_NONNULL = YES;
				CLANG_ANALYZER_NUMBER_OBJECT_CONVERSION = YES_AGGRESSIVE;
				CLANG_CXX_LANGUAGE_STANDARD = "gnu++20";
				CLANG_ENABLE_MODULES = YES;
				CLANG_ENABLE_OBJC_ARC = YES;
				CLANG_ENABLE_OBJC_WEAK = YES;
				CLANG_WARN_BLOCK_CAPTURE_AUTORELEASING = YES;
				CLANG_WARN_BOOL_CONVERSION = YES;
				CLANG_WARN_COMMA = YES;
				CLANG_WARN_CONSTANT_CONVERSION = YES;
				CLANG_WARN_DEPRECATED_OBJC_IMPLEMENTATIONS = YES;
				CLANG_WARN_DIRECT_OBJC_ISA_USAGE = YES_ERROR;
				CLANG_WARN_DOCUMENTATION_COMMENTS = YES;
				CLANG_WARN_EMPTY_BODY = YES;
				CLANG_WARN_ENUM_CONVERSION = YES;
				CLANG_WARN_INFINITE_RECURSION = YES;
				CLANG_WARN_INT_CONVERSION = YES;
				CLANG_WARN_NON_LITERAL_NULL_CONVERSION = YES;
				CLANG_WARN_OBJC_IMPLICIT_RETAIN_SELF = YES;
				CLANG_WARN_OBJC_LITERAL_CONVERSION = YES;
				CLANG_WARN_OBJC_ROOT_CLASS = YES_ERROR;
				CLANG_WARN_QUOTED_INCLUDE_IN_FRAMEWORK_HEADER = YES;
				CLANG_WARN_RANGE_LOOP_ANALYSIS = YES;
				CLANG_WARN_STRICT_PROTOTYPES = YES;
				CLANG_WARN_SUSPICIOUS_MOVE = YES;
				CLANG_WARN_UNGUARDED_AVAILABILITY = YES_AGGRESSIVE;
				CLANG_WARN_UNREACHABLE_CODE = YES;
				CLANG_WARN__DUPLICATE_METHOD_MATCH = YES;
				COPY_PHASE_STRIP = NO;
				CURRENT_PROJECT_VERSION = 1;
				DEBUG_INFORMATION_FORMAT = dwarf;
				ENABLE_STRICT_OBJC_MSGSEND = YES;
				ENABLE_TESTABILITY = YES;
				ENABLE_USER_SCRIPT_SANDBOXING = YES;
				GCC_C_LANGUAGE_STANDARD = gnu17;
				GCC_DYNAMIC_NO_PIC = NO;
				GCC_NO_COMMON_BLOCKS = YES;
				GCC_OPTIMIZATION_LEVEL = 0;
				GCC_PREPROCESSOR_DEFINITIONS = (
					"DEBUG=1",
					"$(inherited)",
				);
				GCC_WARN_64_TO_32_BIT_CONVERSION = YES;
				GCC_WARN_ABOUT_RETURN_TYPE = YES_ERROR;
				GCC_WARN_UNDECLARED_SELECTOR = YES;
				GCC_WARN_UNINITIALIZED_AUTOS = YES_AGGRESSIVE;
				GCC_WARN_UNUSED_FUNCTION = YES;
				GCC_WARN_UNUSED_VARIABLE = YES;
				IPHONEOS_DEPLOYMENT_TARGET = 17.0;
				LOCALIZATION_PREFERS_STRING_CATALOGS = YES;
				MACOSX_DEPLOYMENT_TARGET = 14.0;
				MTL_ENABLE_DEBUG_INFO = INCLUDE_SOURCE;
				MTL_FAST_MATH = YES;
				ONLY_ACTIVE_ARCH = YES;
				SDKROOT = iphoneos;
				SUPPORTS_MACCATALYST = YES;
				SWIFT_ACTIVE_COMPILATION_CONDITIONS = "DEBUG $(inherited)";
				SWIFT_OPTIMIZATION_LEVEL = "-Onone";
				TVOS_DEPLOYMENT_TARGET = 14.0;
				VERSIONING_SYSTEM = "apple-generic";
				VERSION_INFO_PREFIX = "";
				WATCHOS_DEPLOYMENT_TARGET = 10.0;
				XROS_DEPLOYMENT_TARGET = 1.0;
			};
			name = Debug;
		};
		972079AC2AFAA818008A9E53 /* Release */ = {
			isa = XCBuildConfiguration;
			buildSettings = {
				ALLOW_TARGET_PLATFORM_SPECIALIZATION = YES;
				ALWAYS_SEARCH_USER_PATHS = NO;
				ASSETCATALOG_COMPILER_GENERATE_SWIFT_ASSET_SYMBOL_EXTENSIONS = YES;
				CLANG_ANALYZER_NONNULL = YES;
				CLANG_ANALYZER_NUMBER_OBJECT_CONVERSION = YES_AGGRESSIVE;
				CLANG_CXX_LANGUAGE_STANDARD = "gnu++20";
				CLANG_ENABLE_MODULES = YES;
				CLANG_ENABLE_OBJC_ARC = YES;
				CLANG_ENABLE_OBJC_WEAK = YES;
				CLANG_WARN_BLOCK_CAPTURE_AUTORELEASING = YES;
				CLANG_WARN_BOOL_CONVERSION = YES;
				CLANG_WARN_COMMA = YES;
				CLANG_WARN_CONSTANT_CONVERSION = YES;
				CLANG_WARN_DEPRECATED_OBJC_IMPLEMENTATIONS = YES;
				CLANG_WARN_DIRECT_OBJC_ISA_USAGE = YES_ERROR;
				CLANG_WARN_DOCUMENTATION_COMMENTS = YES;
				CLANG_WARN_EMPTY_BODY = YES;
				CLANG_WARN_ENUM_CONVERSION = YES;
				CLANG_WARN_INFINITE_RECURSION = YES;
				CLANG_WARN_INT_CONVERSION = YES;
				CLANG_WARN_NON_LITERAL_NULL_CONVERSION = YES;
				CLANG_WARN_OBJC_IMPLICIT_RETAIN_SELF = YES;
				CLANG_WARN_OBJC_LITERAL_CONVERSION = YES;
				CLANG_WARN_OBJC_ROOT_CLASS = YES_ERROR;
				CLANG_WARN_QUOTED_INCLUDE_IN_FRAMEWORK_HEADER = YES;
				CLANG_WARN_RANGE_LOOP_ANALYSIS = YES;
				CLANG_WARN_STRICT_PROTOTYPES = YES;
				CLANG_WARN_SUSPICIOUS_MOVE = YES;
				CLANG_WARN_UNGUARDED_AVAILABILITY = YES_AGGRESSIVE;
				CLANG_WARN_UNREACHABLE_CODE = YES;
				CLANG_WARN__DUPLICATE_METHOD_MATCH = YES;
				COPY_PHASE_STRIP = NO;
				CURRENT_PROJECT_VERSION = 1;
				DEBUG_INFORMATION_FORMAT = "dwarf-with-dsym";
				ENABLE_NS_ASSERTIONS = NO;
				ENABLE_STRICT_OBJC_MSGSEND = YES;
				ENABLE_USER_SCRIPT_SANDBOXING = YES;
				GCC_C_LANGUAGE_STANDARD = gnu17;
				GCC_NO_COMMON_BLOCKS = YES;
				GCC_WARN_64_TO_32_BIT_CONVERSION = YES;
				GCC_WARN_ABOUT_RETURN_TYPE = YES_ERROR;
				GCC_WARN_UNDECLARED_SELECTOR = YES;
				GCC_WARN_UNINITIALIZED_AUTOS = YES_AGGRESSIVE;
				GCC_WARN_UNUSED_FUNCTION = YES;
				GCC_WARN_UNUSED_VARIABLE = YES;
				IPHONEOS_DEPLOYMENT_TARGET = 17.0;
				LOCALIZATION_PREFERS_STRING_CATALOGS = YES;
				MACOSX_DEPLOYMENT_TARGET = 14.0;
				MTL_ENABLE_DEBUG_INFO = NO;
				MTL_FAST_MATH = YES;
				SDKROOT = iphoneos;
				SUPPORTS_MACCATALYST = YES;
				SWIFT_COMPILATION_MODE = wholemodule;
				TVOS_DEPLOYMENT_TARGET = 14.0;
				VALIDATE_PRODUCT = YES;
				VERSIONING_SYSTEM = "apple-generic";
				VERSION_INFO_PREFIX = "";
				WATCHOS_DEPLOYMENT_TARGET = 10.0;
				XROS_DEPLOYMENT_TARGET = 1.0;
			};
			name = Release;
		};
		972079AE2AFAA818008A9E53 /* Debug */ = {
			isa = XCBuildConfiguration;
			buildSettings = {
				ALWAYS_SEARCH_USER_PATHS = NO;
				BUILD_LIBRARY_FOR_DISTRIBUTION = YES;
				CLANG_ALLOW_NON_MODULAR_INCLUDES_IN_FRAMEWORK_MODULES = NO;
				CLANG_CXX_LANGUAGE_STANDARD = "c++0x";
				CLANG_WARN_QUOTED_INCLUDE_IN_FRAMEWORK_HEADER = YES;
				CODE_SIGN_IDENTITY = "";
				CODE_SIGN_STYLE = Automatic;
				CURRENT_PROJECT_VERSION = 1;
				DEFINES_MODULE = YES;
				DYLIB_COMPATIBILITY_VERSION = 1;
				DYLIB_CURRENT_VERSION = 1;
				DYLIB_INSTALL_NAME_BASE = "@rpath";
				ENABLE_MODULE_VERIFIER = YES;
				GCC_OPTIMIZATION_LEVEL = 3;
				GCC_PREPROCESSOR_DEFINITIONS = (
					"$(inherited)",
					"LLAMA_BUILD_NUMBER=1",
					"LLAMA_COMMIT=\\\"development\\\"",
					"LLAMA_COMPILER=\\\"swift-clang\\\"",
					"LLAMA_BUILD_TARGET=\\\"iOS\\\"",
				);
				"GCC_PREPROCESSOR_DEFINITIONS[arch=arm64]" = (
					"$(inherited)",
					"GGML_USE_ACCELERATE=1",
					"GGML_USE_METAL=1",
				);
				"GCC_PREPROCESSOR_DEFINITIONS[arch=x86_64]" = (
					"$(inherited)",
					"GGML_USE_ACCELERATE=1",
				);
				GENERATE_INFOPLIST_FILE = YES;
				INFOPLIST_KEY_NSHumanReadableCopyright = "";
				INSTALL_PATH = "$(LOCAL_LIBRARY_DIR)/Frameworks";
				LD_RUNPATH_SEARCH_PATHS = (
					"$(inherited)",
					"@executable_path/Frameworks",
					"@loader_path/Frameworks",
				);
				MARKETING_VERSION = 1.0;
				MODULEMAP_FILE = "llama-module.modulemap";
				MODULE_VERIFIER_SUPPORTED_LANGUAGES = "c++";
				MODULE_VERIFIER_SUPPORTED_LANGUAGE_STANDARDS = "gnu17 gnu++20";
				OTHER_CFLAGS = "-DNDEBUG";
				PRODUCT_BUNDLE_IDENTIFIER = edu.stanford.llama;
				PRODUCT_NAME = "$(TARGET_NAME:c99extidentifier)";
				SKIP_INSTALL = YES;
				SUPPORTED_PLATFORMS = "iphoneos iphonesimulator macosx xros xrsimulator";
				SUPPORTS_MACCATALYST = NO;
				SUPPORTS_MAC_DESIGNED_FOR_IPHONE_IPAD = YES;
				SUPPORTS_XR_DESIGNED_FOR_IPHONE_IPAD = YES;
				SWIFT_EMIT_LOC_STRINGS = YES;
				TARGETED_DEVICE_FAMILY = "1,2,7";
				USER_HEADER_SEARCH_PATHS = "";
				WARNING_CFLAGS = (
					"-Wno-shorten-64-to-32",
					"-fno-objc-arc",
				);
			};
			name = Debug;
		};
		972079AF2AFAA818008A9E53 /* Release */ = {
			isa = XCBuildConfiguration;
			buildSettings = {
				ALWAYS_SEARCH_USER_PATHS = NO;
				BUILD_LIBRARY_FOR_DISTRIBUTION = YES;
				CLANG_ALLOW_NON_MODULAR_INCLUDES_IN_FRAMEWORK_MODULES = NO;
				CLANG_CXX_LANGUAGE_STANDARD = "c++0x";
				CLANG_WARN_QUOTED_INCLUDE_IN_FRAMEWORK_HEADER = YES;
				CODE_SIGN_IDENTITY = "";
				CURRENT_PROJECT_VERSION = 1;
				DEFINES_MODULE = YES;
				DYLIB_COMPATIBILITY_VERSION = 1;
				DYLIB_CURRENT_VERSION = 1;
				DYLIB_INSTALL_NAME_BASE = "@rpath";
				ENABLE_MODULE_VERIFIER = YES;
				GCC_OPTIMIZATION_LEVEL = 3;
				GCC_PREPROCESSOR_DEFINITIONS = (
					"LLAMA_BUILD_NUMBER=1",
					"LLAMA_COMMIT=\\\"development\\\"",
					"LLAMA_COMPILER=\\\"swift-clang\\\"",
					"LLAMA_BUILD_TARGET=\\\"iOS\\\"",
				);
				"GCC_PREPROCESSOR_DEFINITIONS[arch=arm64]" = (
					"$(inherited)",
					"GGML_USE_ACCELERATE=1",
					"GGML_USE_METAL=1",
				);
				"GCC_PREPROCESSOR_DEFINITIONS[arch=x86_64]" = (
					"$(inherited)",
					"GGML_USE_ACCELERATE=1",
				);
				GENERATE_INFOPLIST_FILE = YES;
				INFOPLIST_KEY_NSHumanReadableCopyright = "";
				INSTALL_PATH = "$(LOCAL_LIBRARY_DIR)/Frameworks";
				LD_RUNPATH_SEARCH_PATHS = (
					"$(inherited)",
					"@executable_path/Frameworks",
					"@loader_path/Frameworks",
				);
				MARKETING_VERSION = 1.0;
				MODULEMAP_FILE = "llama-module.modulemap";
				MODULE_VERIFIER_SUPPORTED_LANGUAGES = "c++";
				MODULE_VERIFIER_SUPPORTED_LANGUAGE_STANDARDS = "gnu17 gnu++20";
				OTHER_CFLAGS = "-DNDEBUG";
				PRODUCT_BUNDLE_IDENTIFIER = edu.stanford.llama;
				PRODUCT_NAME = "$(TARGET_NAME:c99extidentifier)";
				SKIP_INSTALL = YES;
				SUPPORTED_PLATFORMS = "iphoneos iphonesimulator macosx xros xrsimulator";
				SUPPORTS_MACCATALYST = NO;
				SUPPORTS_MAC_DESIGNED_FOR_IPHONE_IPAD = YES;
				SUPPORTS_XR_DESIGNED_FOR_IPHONE_IPAD = YES;
				SWIFT_EMIT_LOC_STRINGS = YES;
				TARGETED_DEVICE_FAMILY = "1,2,7";
				USER_HEADER_SEARCH_PATHS = "";
				WARNING_CFLAGS = (
					"-Wno-shorten-64-to-32",
					"-fno-objc-arc",
				);
			};
			name = Release;
		};
/* End XCBuildConfiguration section */

/* Begin XCConfigurationList section */
		972079A02AFAA818008A9E53 /* Build configuration list for PBXProject "llama" */ = {
			isa = XCConfigurationList;
			buildConfigurations = (
				972079AB2AFAA818008A9E53 /* Debug */,
				972079AC2AFAA818008A9E53 /* Release */,
			);
			defaultConfigurationIsVisible = 0;
			defaultConfigurationName = Release;
		};
		972079AD2AFAA818008A9E53 /* Build configuration list for PBXNativeTarget "llama" */ = {
			isa = XCConfigurationList;
			buildConfigurations = (
				972079AE2AFAA818008A9E53 /* Debug */,
				972079AF2AFAA818008A9E53 /* Release */,
			);
			defaultConfigurationIsVisible = 0;
			defaultConfigurationName = Release;
		};
/* End XCConfigurationList section */
	};
	rootObject = 9720799D2AFAA818008A9E53 /* Project object */;
}
